// !$*UTF8*$!
{
	archiveVersion = 1;
	classes = {
	};
	objectVersion = 55;
	objects = {

/* Begin PBXBuildFile section */
		A75F7A842989AB98005BE759 /* AppDelegate.swift in Sources */ = {isa = PBXBuildFile; fileRef = A75F7A832989AB98005BE759 /* AppDelegate.swift */; };
		A75F7A862989AB98005BE759 /* SceneDelegate.swift in Sources */ = {isa = PBXBuildFile; fileRef = A75F7A852989AB98005BE759 /* SceneDelegate.swift */; };
		A75F7A882989AB98005BE759 /* ViewController.swift in Sources */ = {isa = PBXBuildFile; fileRef = A75F7A872989AB98005BE759 /* ViewController.swift */; };
		A75F7A8B2989AB98005BE759 /* Main.storyboard in Resources */ = {isa = PBXBuildFile; fileRef = A75F7A892989AB98005BE759 /* Main.storyboard */; };
		A75F7A8D2989AB99005BE759 /* Assets.xcassets in Resources */ = {isa = PBXBuildFile; fileRef = A75F7A8C2989AB99005BE759 /* Assets.xcassets */; };
		A75F7A902989AB99005BE759 /* LaunchScreen.storyboard in Resources */ = {isa = PBXBuildFile; fileRef = A75F7A8E2989AB99005BE759 /* LaunchScreen.storyboard */; };
		A75F7A9B2989AB99005BE759 /* ClassApp3Tests.swift in Sources */ = {isa = PBXBuildFile; fileRef = A75F7A9A2989AB99005BE759 /* ClassApp3Tests.swift */; };
		A75F7AA52989AB99005BE759 /* ClassApp3UITests.swift in Sources */ = {isa = PBXBuildFile; fileRef = A75F7AA42989AB99005BE759 /* ClassApp3UITests.swift */; };
		A75F7AA72989AB99005BE759 /* ClassApp3UITestsLaunchTests.swift in Sources */ = {isa = PBXBuildFile; fileRef = A75F7AA62989AB99005BE759 /* ClassApp3UITestsLaunchTests.swift */; };
/* End PBXBuildFile section */

/* Begin PBXContainerItemProxy section */
		A75F7A972989AB99005BE759 /* PBXContainerItemProxy */ = {
			isa = PBXContainerItemProxy;
			containerPortal = A75F7A782989AB98005BE759 /* Project object */;
			proxyType = 1;
			remoteGlobalIDString = A75F7A7F2989AB98005BE759;
			remoteInfo = ClassApp3;
		};
		A75F7AA12989AB99005BE759 /* PBXContainerItemProxy */ = {
			isa = PBXContainerItemProxy;
			containerPortal = A75F7A782989AB98005BE759 /* Project object */;
			proxyType = 1;
			remoteGlobalIDString = A75F7A7F2989AB98005BE759;
			remoteInfo = ClassApp3;
		};
/* End PBXContainerItemProxy section */

/* Begin PBXFileReference section */
		A75F7A802989AB98005BE759 /* ClassApp3.app */ = {isa = PBXFileReference; explicitFileType = wrapper.application; includeInIndex = 0; path = ClassApp3.app; sourceTree = BUILT_PRODUCTS_DIR; };
		A75F7A832989AB98005BE759 /* AppDelegate.swift */ = {isa = PBXFileReference; lastKnownFileType = sourcecode.swift; path = AppDelegate.swift; sourceTree = "<group>"; };
		A75F7A852989AB98005BE759 /* SceneDelegate.swift */ = {isa = PBXFileReference; lastKnownFileType = sourcecode.swift; path = SceneDelegate.swift; sourceTree = "<group>"; };
		A75F7A872989AB98005BE759 /* ViewController.swift */ = {isa = PBXFileReference; lastKnownFileType = sourcecode.swift; path = ViewController.swift; sourceTree = "<group>"; };
		A75F7A8A2989AB98005BE759 /* Base */ = {isa = PBXFileReference; lastKnownFileType = file.storyboard; name = Base; path = Base.lproj/Main.storyboard; sourceTree = "<group>"; };
		A75F7A8C2989AB99005BE759 /* Assets.xcassets */ = {isa = PBXFileReference; lastKnownFileType = folder.assetcatalog; path = Assets.xcassets; sourceTree = "<group>"; };
		A75F7A8F2989AB99005BE759 /* Base */ = {isa = PBXFileReference; lastKnownFileType = file.storyboard; name = Base; path = Base.lproj/LaunchScreen.storyboard; sourceTree = "<group>"; };
		A75F7A912989AB99005BE759 /* Info.plist */ = {isa = PBXFileReference; lastKnownFileType = text.plist.xml; path = Info.plist; sourceTree = "<group>"; };
		A75F7A962989AB99005BE759 /* ClassApp3Tests.xctest */ = {isa = PBXFileReference; explicitFileType = wrapper.cfbundle; includeInIndex = 0; path = ClassApp3Tests.xctest; sourceTree = BUILT_PRODUCTS_DIR; };
		A75F7A9A2989AB99005BE759 /* ClassApp3Tests.swift */ = {isa = PBXFileReference; lastKnownFileType = sourcecode.swift; path = ClassApp3Tests.swift; sourceTree = "<group>"; };
		A75F7AA02989AB99005BE759 /* ClassApp3UITests.xctest */ = {isa = PBXFileReference; explicitFileType = wrapper.cfbundle; includeInIndex = 0; path = ClassApp3UITests.xctest; sourceTree = BUILT_PRODUCTS_DIR; };
		A75F7AA42989AB99005BE759 /* ClassApp3UITests.swift */ = {isa = PBXFileReference; lastKnownFileType = sourcecode.swift; path = ClassApp3UITests.swift; sourceTree = "<group>"; };
		A75F7AA62989AB99005BE759 /* ClassApp3UITestsLaunchTests.swift */ = {isa = PBXFileReference; lastKnownFileType = sourcecode.swift; path = ClassApp3UITestsLaunchTests.swift; sourceTree = "<group>"; };
/* End PBXFileReference section */

/* Begin PBXFrameworksBuildPhase section */
		A75F7A7D2989AB98005BE759 /* Frameworks */ = {
			isa = PBXFrameworksBuildPhase;
			buildActionMask = 2147483647;
			files = (
			);
			runOnlyForDeploymentPostprocessing = 0;
		};
		A75F7A932989AB99005BE759 /* Frameworks */ = {
			isa = PBXFrameworksBuildPhase;
			buildActionMask = 2147483647;
			files = (
			);
			runOnlyForDeploymentPostprocessing = 0;
		};
		A75F7A9D2989AB99005BE759 /* Frameworks */ = {
			isa = PBXFrameworksBuildPhase;
			buildActionMask = 2147483647;
			files = (
			);
			runOnlyForDeploymentPostprocessing = 0;
		};
/* End PBXFrameworksBuildPhase section */

/* Begin PBXGroup section */
		A75F7A772989AB98005BE759 = {
			isa = PBXGroup;
			children = (
				A75F7A822989AB98005BE759 /* ClassApp3 */,
				A75F7A992989AB99005BE759 /* ClassApp3Tests */,
				A75F7AA32989AB99005BE759 /* ClassApp3UITests */,
				A75F7A812989AB98005BE759 /* Products */,
			);
			sourceTree = "<group>";
		};
		A75F7A812989AB98005BE759 /* Products */ = {
			isa = PBXGroup;
			children = (
				A75F7A802989AB98005BE759 /* ClassApp3.app */,
				A75F7A962989AB99005BE759 /* ClassApp3Tests.xctest */,
				A75F7AA02989AB99005BE759 /* ClassApp3UITests.xctest */,
			);
			name = Products;
			sourceTree = "<group>";
		};
		A75F7A822989AB98005BE759 /* ClassApp3 */ = {
			isa = PBXGroup;
			children = (
				A75F7A832989AB98005BE759 /* AppDelegate.swift */,
				A75F7A852989AB98005BE759 /* SceneDelegate.swift */,
				A75F7A872989AB98005BE759 /* ViewController.swift */,
				A75F7A892989AB98005BE759 /* Main.storyboard */,
				A75F7A8C2989AB99005BE759 /* Assets.xcassets */,
				A75F7A8E2989AB99005BE759 /* LaunchScreen.storyboard */,
				A75F7A912989AB99005BE759 /* Info.plist */,
			);
			path = ClassApp3;
			sourceTree = "<group>";
		};
		A75F7A992989AB99005BE759 /* ClassApp3Tests */ = {
			isa = PBXGroup;
			children = (
				A75F7A9A2989AB99005BE759 /* ClassApp3Tests.swift */,
			);
			path = ClassApp3Tests;
			sourceTree = "<group>";
		};
		A75F7AA32989AB99005BE759 /* ClassApp3UITests */ = {
			isa = PBXGroup;
			children = (
				A75F7AA42989AB99005BE759 /* ClassApp3UITests.swift */,
				A75F7AA62989AB99005BE759 /* ClassApp3UITestsLaunchTests.swift */,
			);
			path = ClassApp3UITests;
			sourceTree = "<group>";
		};
/* End PBXGroup section */

/* Begin PBXNativeTarget section */
		A75F7A7F2989AB98005BE759 /* ClassApp3 */ = {
			isa = PBXNativeTarget;
			buildConfigurationList = A75F7AAA2989AB99005BE759 /* Build configuration list for PBXNativeTarget "ClassApp3" */;
			buildPhases = (
				A75F7A7C2989AB98005BE759 /* Sources */,
				A75F7A7D2989AB98005BE759 /* Frameworks */,
				A75F7A7E2989AB98005BE759 /* Resources */,
			);
			buildRules = (
			);
			dependencies = (
			);
			name = ClassApp3;
			productName = ClassApp3;
			productReference = A75F7A802989AB98005BE759 /* ClassApp3.app */;
			productType = "com.apple.product-type.application";
		};
		A75F7A952989AB99005BE759 /* ClassApp3Tests */ = {
			isa = PBXNativeTarget;
			buildConfigurationList = A75F7AAD2989AB99005BE759 /* Build configuration list for PBXNativeTarget "ClassApp3Tests" */;
			buildPhases = (
				A75F7A922989AB99005BE759 /* Sources */,
				A75F7A932989AB99005BE759 /* Frameworks */,
				A75F7A942989AB99005BE759 /* Resources */,
			);
			buildRules = (
			);
			dependencies = (
				A75F7A982989AB99005BE759 /* PBXTargetDependency */,
			);
			name = ClassApp3Tests;
			productName = ClassApp3Tests;
			productReference = A75F7A962989AB99005BE759 /* ClassApp3Tests.xctest */;
			productType = "com.apple.product-type.bundle.unit-test";
		};
		A75F7A9F2989AB99005BE759 /* ClassApp3UITests */ = {
			isa = PBXNativeTarget;
			buildConfigurationList = A75F7AB02989AB99005BE759 /* Build configuration list for PBXNativeTarget "ClassApp3UITests" */;
			buildPhases = (
				A75F7A9C2989AB99005BE759 /* Sources */,
				A75F7A9D2989AB99005BE759 /* Frameworks */,
				A75F7A9E2989AB99005BE759 /* Resources */,
			);
			buildRules = (
			);
			dependencies = (
				A75F7AA22989AB99005BE759 /* PBXTargetDependency */,
			);
			name = ClassApp3UITests;
			productName = ClassApp3UITests;
			productReference = A75F7AA02989AB99005BE759 /* ClassApp3UITests.xctest */;
			productType = "com.apple.product-type.bundle.ui-testing";
		};
/* End PBXNativeTarget section */

/* Begin PBXProject section */
		A75F7A782989AB98005BE759 /* Project object */ = {
			isa = PBXProject;
			attributes = {
				BuildIndependentTargetsInParallel = 1;
				LastSwiftUpdateCheck = 1340;
				LastUpgradeCheck = 1340;
				TargetAttributes = {
					A75F7A7F2989AB98005BE759 = {
						CreatedOnToolsVersion = 13.4.1;
					};
					A75F7A952989AB99005BE759 = {
						CreatedOnToolsVersion = 13.4.1;
						TestTargetID = A75F7A7F2989AB98005BE759;
					};
					A75F7A9F2989AB99005BE759 = {
						CreatedOnToolsVersion = 13.4.1;
						TestTargetID = A75F7A7F2989AB98005BE759;
					};
				};
			};
			buildConfigurationList = A75F7A7B2989AB98005BE759 /* Build configuration list for PBXProject "ClassApp3" */;
			compatibilityVersion = "Xcode 13.0";
			developmentRegion = en;
			hasScannedForEncodings = 0;
			knownRegions = (
				en,
				Base,
			);
			mainGroup = A75F7A772989AB98005BE759;
			productRefGroup = A75F7A812989AB98005BE759 /* Products */;
			projectDirPath = "";
			projectRoot = "";
			targets = (
				A75F7A7F2989AB98005BE759 /* ClassApp3 */,
				A75F7A952989AB99005BE759 /* ClassApp3Tests */,
				A75F7A9F2989AB99005BE759 /* ClassApp3UITests */,
			);
		};
/* End PBXProject section */

/* Begin PBXResourcesBuildPhase section */
		A75F7A7E2989AB98005BE759 /* Resources */ = {
			isa = PBXResourcesBuildPhase;
			buildActionMask = 2147483647;
			files = (
				A75F7A902989AB99005BE759 /* LaunchScreen.storyboard in Resources */,
				A75F7A8D2989AB99005BE759 /* Assets.xcassets in Resources */,
				A75F7A8B2989AB98005BE759 /* Main.storyboard in Resources */,
			);
			runOnlyForDeploymentPostprocessing = 0;
		};
		A75F7A942989AB99005BE759 /* Resources */ = {
			isa = PBXResourcesBuildPhase;
			buildActionMask = 2147483647;
			files = (
			);
			runOnlyForDeploymentPostprocessing = 0;
		};
		A75F7A9E2989AB99005BE759 /* Resources */ = {
			isa = PBXResourcesBuildPhase;
			buildActionMask = 2147483647;
			files = (
			);
			runOnlyForDeploymentPostprocessing = 0;
		};
/* End PBXResourcesBuildPhase section */

/* Begin PBXSourcesBuildPhase section */
		A75F7A7C2989AB98005BE759 /* Sources */ = {
			isa = PBXSourcesBuildPhase;
			buildActionMask = 2147483647;
			files = (
				A75F7A882989AB98005BE759 /* ViewController.swift in Sources */,
				A75F7A842989AB98005BE759 /* AppDelegate.swift in Sources */,
				A75F7A862989AB98005BE759 /* SceneDelegate.swift in Sources */,
			);
			runOnlyForDeploymentPostprocessing = 0;
		};
		A75F7A922989AB99005BE759 /* Sources */ = {
			isa = PBXSourcesBuildPhase;
			buildActionMask = 2147483647;
			files = (
				A75F7A9B2989AB99005BE759 /* ClassApp3Tests.swift in Sources */,
			);
			runOnlyForDeploymentPostprocessing = 0;
		};
		A75F7A9C2989AB99005BE759 /* Sources */ = {
			isa = PBXSourcesBuildPhase;
			buildActionMask = 2147483647;
			files = (
				A75F7AA52989AB99005BE759 /* ClassApp3UITests.swift in Sources */,
				A75F7AA72989AB99005BE759 /* ClassApp3UITestsLaunchTests.swift in Sources */,
			);
			runOnlyForDeploymentPostprocessing = 0;
		};
/* End PBXSourcesBuildPhase section */

/* Begin PBXTargetDependency section */
		A75F7A982989AB99005BE759 /* PBXTargetDependency */ = {
			isa = PBXTargetDependency;
			target = A75F7A7F2989AB98005BE759 /* ClassApp3 */;
			targetProxy = A75F7A972989AB99005BE759 /* PBXContainerItemProxy */;
		};
		A75F7AA22989AB99005BE759 /* PBXTargetDependency */ = {
			isa = PBXTargetDependency;
			target = A75F7A7F2989AB98005BE759 /* ClassApp3 */;
			targetProxy = A75F7AA12989AB99005BE759 /* PBXContainerItemProxy */;
		};
/* End PBXTargetDependency section */

/* Begin PBXVariantGroup section */
		A75F7A892989AB98005BE759 /* Main.storyboard */ = {
			isa = PBXVariantGroup;
			children = (
				A75F7A8A2989AB98005BE759 /* Base */,
			);
			name = Main.storyboard;
			sourceTree = "<group>";
		};
		A75F7A8E2989AB99005BE759 /* LaunchScreen.storyboard */ = {
			isa = PBXVariantGroup;
			children = (
				A75F7A8F2989AB99005BE759 /* Base */,
			);
			name = LaunchScreen.storyboard;
			sourceTree = "<group>";
		};
/* End PBXVariantGroup section */

/* Begin XCBuildConfiguration section */
		A75F7AA82989AB99005BE759 /* Debug */ = {
			isa = XCBuildConfiguration;
			buildSettings = {
				ALWAYS_SEARCH_USER_PATHS = NO;
				CLANG_ANALYZER_NONNULL = YES;
				CLANG_ANALYZER_NUMBER_OBJECT_CONVERSION = YES_AGGRESSIVE;
				CLANG_CXX_LANGUAGE_STANDARD = "gnu++17";
				CLANG_ENABLE_MODULES = YES;
				CLANG_ENABLE_OBJC_ARC = YES;
				CLANG_ENABLE_OBJC_WEAK = YES;
				CLANG_WARN_BLOCK_CAPTURE_AUTORELEASING = YES;
				CLANG_WARN_BOOL_CONVERSION = YES;
				CLANG_WARN_COMMA = YES;
				CLANG_WARN_CONSTANT_CONVERSION = YES;
				CLANG_WARN_DEPRECATED_OBJC_IMPLEMENTATIONS = YES;
				CLANG_WARN_DIRECT_OBJC_ISA_USAGE = YES_ERROR;
				CLANG_WARN_DOCUMENTATION_COMMENTS = YES;
				CLANG_WARN_EMPTY_BODY = YES;
				CLANG_WARN_ENUM_CONVERSION = YES;
				CLANG_WARN_INFINITE_RECURSION = YES;
				CLANG_WARN_INT_CONVERSION = YES;
				CLANG_WARN_NON_LITERAL_NULL_CONVERSION = YES;
				CLANG_WARN_OBJC_IMPLICIT_RETAIN_SELF = YES;
				CLANG_WARN_OBJC_LITERAL_CONVERSION = YES;
				CLANG_WARN_OBJC_ROOT_CLASS = YES_ERROR;
				CLANG_WARN_QUOTED_INCLUDE_IN_FRAMEWORK_HEADER = YES;
				CLANG_WARN_RANGE_LOOP_ANALYSIS = YES;
				CLANG_WARN_STRICT_PROTOTYPES = YES;
				CLANG_WARN_SUSPICIOUS_MOVE = YES;
				CLANG_WARN_UNGUARDED_AVAILABILITY = YES_AGGRESSIVE;
				CLANG_WARN_UNREACHABLE_CODE = YES;
				CLANG_WARN__DUPLICATE_METHOD_MATCH = YES;
				COPY_PHASE_STRIP = NO;
				DEBUG_INFORMATION_FORMAT = dwarf;
				ENABLE_STRICT_OBJC_MSGSEND = YES;
				ENABLE_TESTABILITY = YES;
				GCC_C_LANGUAGE_STANDARD = gnu11;
				GCC_DYNAMIC_NO_PIC = NO;
				GCC_NO_COMMON_BLOCKS = YES;
				GCC_OPTIMIZATION_LEVEL = 0;
				GCC_PREPROCESSOR_DEFINITIONS = (
					"DEBUG=1",
					"$(inherited)",
				);
				GCC_WARN_64_TO_32_BIT_CONVERSION = YES;
				GCC_WARN_ABOUT_RETURN_TYPE = YES_ERROR;
				GCC_WARN_UNDECLARED_SELECTOR = YES;
				GCC_WARN_UNINITIALIZED_AUTOS = YES_AGGRESSIVE;
				GCC_WARN_UNUSED_FUNCTION = YES;
				GCC_WARN_UNUSED_VARIABLE = YES;
				IPHONEOS_DEPLOYMENT_TARGET = 15.5;
				MTL_ENABLE_DEBUG_INFO = INCLUDE_SOURCE;
				MTL_FAST_MATH = YES;
				ONLY_ACTIVE_ARCH = YES;
				SDKROOT = iphoneos;
				SWIFT_ACTIVE_COMPILATION_CONDITIONS = DEBUG;
				SWIFT_OPTIMIZATION_LEVEL = "-Onone";
			};
			name = Debug;
		};
		A75F7AA92989AB99005BE759 /* Release */ = {
			isa = XCBuildConfiguration;
			buildSettings = {
				ALWAYS_SEARCH_USER_PATHS = NO;
				CLANG_ANALYZER_NONNULL = YES;
				CLANG_ANALYZER_NUMBER_OBJECT_CONVERSION = YES_AGGRESSIVE;
				CLANG_CXX_LANGUAGE_STANDARD = "gnu++17";
				CLANG_ENABLE_MODULES = YES;
				CLANG_ENABLE_OBJC_ARC = YES;
				CLANG_ENABLE_OBJC_WEAK = YES;
				CLANG_WARN_BLOCK_CAPTURE_AUTORELEASING = YES;
				CLANG_WARN_BOOL_CONVERSION = YES;
				CLANG_WARN_COMMA = YES;
				CLANG_WARN_CONSTANT_CONVERSION = YES;
				CLANG_WARN_DEPRECATED_OBJC_IMPLEMENTATIONS = YES;
				CLANG_WARN_DIRECT_OBJC_ISA_USAGE = YES_ERROR;
				CLANG_WARN_DOCUMENTATION_COMMENTS = YES;
				CLANG_WARN_EMPTY_BODY = YES;
				CLANG_WARN_ENUM_CONVERSION = YES;
				CLANG_WARN_INFINITE_RECURSION = YES;
				CLANG_WARN_INT_CONVERSION = YES;
				CLANG_WARN_NON_LITERAL_NULL_CONVERSION = YES;
				CLANG_WARN_OBJC_IMPLICIT_RETAIN_SELF = YES;
				CLANG_WARN_OBJC_LITERAL_CONVERSION = YES;
				CLANG_WARN_OBJC_ROOT_CLASS = YES_ERROR;
				CLANG_WARN_QUOTED_INCLUDE_IN_FRAMEWORK_HEADER = YES;
				CLANG_WARN_RANGE_LOOP_ANALYSIS = YES;
				CLANG_WARN_STRICT_PROTOTYPES = YES;
				CLANG_WARN_SUSPICIOUS_MOVE = YES;
				CLANG_WARN_UNGUARDED_AVAILABILITY = YES_AGGRESSIVE;
				CLANG_WARN_UNREACHABLE_CODE = YES;
				CLANG_WARN__DUPLICATE_METHOD_MATCH = YES;
				COPY_PHASE_STRIP = NO;
				DEBUG_INFORMATION_FORMAT = "dwarf-with-dsym";
				ENABLE_NS_ASSERTIONS = NO;
				ENABLE_STRICT_OBJC_MSGSEND = YES;
				GCC_C_LANGUAGE_STANDARD = gnu11;
				GCC_NO_COMMON_BLOCKS = YES;
				GCC_WARN_64_TO_32_BIT_CONVERSION = YES;
				GCC_WARN_ABOUT_RETURN_TYPE = YES_ERROR;
				GCC_WARN_UNDECLARED_SELECTOR = YES;
				GCC_WARN_UNINITIALIZED_AUTOS = YES_AGGRESSIVE;
				GCC_WARN_UNUSED_FUNCTION = YES;
				GCC_WARN_UNUSED_VARIABLE = YES;
				IPHONEOS_DEPLOYMENT_TARGET = 15.5;
				MTL_ENABLE_DEBUG_INFO = NO;
				MTL_FAST_MATH = YES;
				SDKROOT = iphoneos;
				SWIFT_COMPILATION_MODE = wholemodule;
				SWIFT_OPTIMIZATION_LEVEL = "-O";
				VALIDATE_PRODUCT = YES;
			};
			name = Release;
		};
		A75F7AAB2989AB99005BE759 /* Debug */ = {
			isa = XCBuildConfiguration;
			buildSettings = {
				ASSETCATALOG_COMPILER_APPICON_NAME = AppIcon;
				ASSETCATALOG_COMPILER_GLOBAL_ACCENT_COLOR_NAME = AccentColor;
				CODE_SIGN_STYLE = Automatic;
				CURRENT_PROJECT_VERSION = 1;
				GENERATE_INFOPLIST_FILE = YES;
				INFOPLIST_FILE = ClassApp3/Info.plist;
				INFOPLIST_KEY_CFBundleDisplayName = ClassApp3;
				INFOPLIST_KEY_UIApplicationSupportsIndirectInputEvents = YES;
				INFOPLIST_KEY_UILaunchStoryboardName = LaunchScreen;
				INFOPLIST_KEY_UIMainStoryboardFile = Main;
				INFOPLIST_KEY_UISupportedInterfaceOrientations_iPad = "UIInterfaceOrientationPortrait UIInterfaceOrientationPortraitUpsideDown UIInterfaceOrientationLandscapeLeft UIInterfaceOrientationLandscapeRight";
				INFOPLIST_KEY_UISupportedInterfaceOrientations_iPhone = "UIInterfaceOrientationPortrait UIInterfaceOrientationLandscapeLeft UIInterfaceOrientationLandscapeRight";
				LD_RUNPATH_SEARCH_PATHS = (
					"$(inherited)",
					"@executable_path/Frameworks",
				);
				MARKETING_VERSION = 1.0;
				PRODUCT_BUNDLE_IDENTIFIER = com.IosHelloApp.ClassApp3;
				PRODUCT_NAME = "$(TARGET_NAME)";
				SWIFT_EMIT_LOC_STRINGS = YES;
				SWIFT_VERSION = 5.0;
				TARGETED_DEVICE_FAMILY = "1,2";
			};
			name = Debug;
		};
		A75F7AAC2989AB99005BE759 /* Release */ = {
			isa = XCBuildConfiguration;
			buildSettings = {
				ASSETCATALOG_COMPILER_APPICON_NAME = AppIcon;
				ASSETCATALOG_COMPILER_GLOBAL_ACCENT_COLOR_NAME = AccentColor;
				CODE_SIGN_STYLE = Automatic;
				CURRENT_PROJECT_VERSION = 1;
				GENERATE_INFOPLIST_FILE = YES;
				INFOPLIST_FILE = ClassApp3/Info.plist;
				INFOPLIST_KEY_CFBundleDisplayName = ClassApp3;
				INFOPLIST_KEY_UIApplicationSupportsIndirectInputEvents = YES;
				INFOPLIST_KEY_UILaunchStoryboardName = LaunchScreen;
				INFOPLIST_KEY_UIMainStoryboardFile = Main;
				INFOPLIST_KEY_UISupportedInterfaceOrientations_iPad = "UIInterfaceOrientationPortrait UIInterfaceOrientationPortraitUpsideDown UIInterfaceOrientationLandscapeLeft UIInterfaceOrientationLandscapeRight";
				INFOPLIST_KEY_UISupportedInterfaceOrientations_iPhone = "UIInterfaceOrientationPortrait UIInterfaceOrientationLandscapeLeft UIInterfaceOrientationLandscapeRight";
				LD_RUNPATH_SEARCH_PATHS = (
					"$(inherited)",
					"@executable_path/Frameworks",
				);
				MARKETING_VERSION = 1.0;
				PRODUCT_BUNDLE_IDENTIFIER = com.IosHelloApp.ClassApp3;
				PRODUCT_NAME = "$(TARGET_NAME)";
				SWIFT_EMIT_LOC_STRINGS = YES;
				SWIFT_VERSION = 5.0;
				TARGETED_DEVICE_FAMILY = "1,2";
			};
			name = Release;
		};
		A75F7AAE2989AB99005BE759 /* Debug */ = {
			isa = XCBuildConfiguration;
			buildSettings = {
				ALWAYS_EMBED_SWIFT_STANDARD_LIBRARIES = YES;
				BUNDLE_LOADER = "$(TEST_HOST)";
				CODE_SIGN_STYLE = Automatic;
				CURRENT_PROJECT_VERSION = 1;
				GENERATE_INFOPLIST_FILE = YES;
				IPHONEOS_DEPLOYMENT_TARGET = 15.5;
				MARKETING_VERSION = 1.0;
				PRODUCT_BUNDLE_IDENTIFIER = com.IosHelloApp.ClassApp3Tests;
				PRODUCT_NAME = "$(TARGET_NAME)";
				SWIFT_EMIT_LOC_STRINGS = NO;
				SWIFT_VERSION = 5.0;
				TARGETED_DEVICE_FAMILY = "1,2";
				TEST_HOST = "$(BUILT_PRODUCTS_DIR)/ClassApp3.app/ClassApp3";
			};
			name = Debug;
		};
		A75F7AAF2989AB99005BE759 /* Release */ = {
			isa = XCBuildConfiguration;
			buildSettings = {
				ALWAYS_EMBED_SWIFT_STANDARD_LIBRARIES = YES;
				BUNDLE_LOADER = "$(TEST_HOST)";
				CODE_SIGN_STYLE = Automatic;
				CURRENT_PROJECT_VERSION = 1;
				GENERATE_INFOPLIST_FILE = YES;
				IPHONEOS_DEPLOYMENT_TARGET = 15.5;
				MARKETING_VERSION = 1.0;
				PRODUCT_BUNDLE_IDENTIFIER = com.IosHelloApp.ClassApp3Tests;
				PRODUCT_NAME = "$(TARGET_NAME)";
				SWIFT_EMIT_LOC_STRINGS = NO;
				SWIFT_VERSION = 5.0;
				TARGETED_DEVICE_FAMILY = "1,2";
				TEST_HOST = "$(BUILT_PRODUCTS_DIR)/ClassApp3.app/ClassApp3";
			};
			name = Release;
		};
		A75F7AB12989AB99005BE759 /* Debug */ = {
			isa = XCBuildConfiguration;
			buildSettings = {
				ALWAYS_EMBED_SWIFT_STANDARD_LIBRARIES = YES;
				CODE_SIGN_STYLE = Automatic;
				CURRENT_PROJECT_VERSION = 1;
				GENERATE_INFOPLIST_FILE = YES;
				MARKETING_VERSION = 1.0;
				PRODUCT_BUNDLE_IDENTIFIER = com.IosHelloApp.ClassApp3UITests;
				PRODUCT_NAME = "$(TARGET_NAME)";
				SWIFT_EMIT_LOC_STRINGS = NO;
				SWIFT_VERSION = 5.0;
				TARGETED_DEVICE_FAMILY = "1,2";
				TEST_TARGET_NAME = ClassApp3;
			};
			name = Debug;
		};
		A75F7AB22989AB99005BE759 /* Release */ = {
			isa = XCBuildConfiguration;
			buildSettings = {
				ALWAYS_EMBED_SWIFT_STANDARD_LIBRARIES = YES;
				CODE_SIGN_STYLE = Automatic;
				CURRENT_PROJECT_VERSION = 1;
				GENERATE_INFOPLIST_FILE = YES;
				MARKETING_VERSION = 1.0;
				PRODUCT_BUNDLE_IDENTIFIER = com.IosHelloApp.ClassApp3UITests;
				PRODUCT_NAME = "$(TARGET_NAME)";
				SWIFT_EMIT_LOC_STRINGS = NO;
				SWIFT_VERSION = 5.0;
				TARGETED_DEVICE_FAMILY = "1,2";
				TEST_TARGET_NAME = ClassApp3;
			};
			name = Release;
		};
/* End XCBuildConfiguration section */

/* Begin XCConfigurationList section */
		A75F7A7B2989AB98005BE759 /* Build configuration list for PBXProject "ClassApp3" */ = {
			isa = XCConfigurationList;
			buildConfigurations = (
				A75F7AA82989AB99005BE759 /* Debug */,
				A75F7AA92989AB99005BE759 /* Release */,
			);
			defaultConfigurationIsVisible = 0;
			defaultConfigurationName = Release;
		};
		A75F7AAA2989AB99005BE759 /* Build configuration list for PBXNativeTarget "ClassApp3" */ = {
			isa = XCConfigurationList;
			buildConfigurations = (
				A75F7AAB2989AB99005BE759 /* Debug */,
				A75F7AAC2989AB99005BE759 /* Release */,
			);
			defaultConfigurationIsVisible = 0;
			defaultConfigurationName = Release;
		};
		A75F7AAD2989AB99005BE759 /* Build configuration list for PBXNativeTarget "ClassApp3Tests" */ = {
			isa = XCConfigurationList;
			buildConfigurations = (
				A75F7AAE2989AB99005BE759 /* Debug */,
				A75F7AAF2989AB99005BE759 /* Release */,
			);
			defaultConfigurationIsVisible = 0;
			defaultConfigurationName = Release;
		};
		A75F7AB02989AB99005BE759 /* Build configuration list for PBXNativeTarget "ClassApp3UITests" */ = {
			isa = XCConfigurationList;
			buildConfigurations = (
				A75F7AB12989AB99005BE759 /* Debug */,
				A75F7AB22989AB99005BE759 /* Release */,
			);
			defaultConfigurationIsVisible = 0;
			defaultConfigurationName = Release;
		};
/* End XCConfigurationList section */
	};
	rootObject = A75F7A782989AB98005BE759 /* Project object */;
}
