// !$*UTF8*$!
{
	archiveVersion = 1;
	classes = {
	};
	objectVersion = 55;
	objects = {

/* Begin PBXBuildFile section */
		A78F8FA729A5623C006AA214 /* AppDelegate.swift in Sources */ = {isa = PBXBuildFile; fileRef = A78F8FA629A5623C006AA214 /* AppDelegate.swift */; };
		A78F8FA929A5623C006AA214 /* SceneDelegate.swift in Sources */ = {isa = PBXBuildFile; fileRef = A78F8FA829A5623C006AA214 /* SceneDelegate.swift */; };
		A78F8FAB29A5623C006AA214 /* ViewController.swift in Sources */ = {isa = PBXBuildFile; fileRef = A78F8FAA29A5623C006AA214 /* ViewController.swift */; };
		A78F8FAE29A5623C006AA214 /* Main.storyboard in Resources */ = {isa = PBXBuildFile; fileRef = A78F8FAC29A5623C006AA214 /* Main.storyboard */; };
		A78F8FB029A5623D006AA214 /* Assets.xcassets in Resources */ = {isa = PBXBuildFile; fileRef = A78F8FAF29A5623D006AA214 /* Assets.xcassets */; };
		A78F8FB329A5623D006AA214 /* LaunchScreen.storyboard in Resources */ = {isa = PBXBuildFile; fileRef = A78F8FB129A5623D006AA214 /* LaunchScreen.storyboard */; };
		A78F8FBE29A5623D006AA214 /* TemperatureTests.swift in Sources */ = {isa = PBXBuildFile; fileRef = A78F8FBD29A5623D006AA214 /* TemperatureTests.swift */; };
		A78F8FC829A5623D006AA214 /* TemperatureUITests.swift in Sources */ = {isa = PBXBuildFile; fileRef = A78F8FC729A5623D006AA214 /* TemperatureUITests.swift */; };
		A78F8FCA29A5623D006AA214 /* TemperatureUITestsLaunchTests.swift in Sources */ = {isa = PBXBuildFile; fileRef = A78F8FC929A5623D006AA214 /* TemperatureUITestsLaunchTests.swift */; };
/* End PBXBuildFile section */

/* Begin PBXContainerItemProxy section */
		A78F8FBA29A5623D006AA214 /* PBXContainerItemProxy */ = {
			isa = PBXContainerItemProxy;
			containerPortal = A78F8F9B29A5623B006AA214 /* Project object */;
			proxyType = 1;
			remoteGlobalIDString = A78F8FA229A5623C006AA214;
			remoteInfo = Temperature;
		};
		A78F8FC429A5623D006AA214 /* PBXContainerItemProxy */ = {
			isa = PBXContainerItemProxy;
			containerPortal = A78F8F9B29A5623B006AA214 /* Project object */;
			proxyType = 1;
			remoteGlobalIDString = A78F8FA229A5623C006AA214;
			remoteInfo = Temperature;
		};
/* End PBXContainerItemProxy section */

/* Begin PBXFileReference section */
		A78F8FA329A5623C006AA214 /* Temperature.app */ = {isa = PBXFileReference; explicitFileType = wrapper.application; includeInIndex = 0; path = Temperature.app; sourceTree = BUILT_PRODUCTS_DIR; };
		A78F8FA629A5623C006AA214 /* AppDelegate.swift */ = {isa = PBXFileReference; lastKnownFileType = sourcecode.swift; path = AppDelegate.swift; sourceTree = "<group>"; };
		A78F8FA829A5623C006AA214 /* SceneDelegate.swift */ = {isa = PBXFileReference; lastKnownFileType = sourcecode.swift; path = SceneDelegate.swift; sourceTree = "<group>"; };
		A78F8FAA29A5623C006AA214 /* ViewController.swift */ = {isa = PBXFileReference; lastKnownFileType = sourcecode.swift; path = ViewController.swift; sourceTree = "<group>"; };
		A78F8FAD29A5623C006AA214 /* Base */ = {isa = PBXFileReference; lastKnownFileType = file.storyboard; name = Base; path = Base.lproj/Main.storyboard; sourceTree = "<group>"; };
		A78F8FAF29A5623D006AA214 /* Assets.xcassets */ = {isa = PBXFileReference; lastKnownFileType = folder.assetcatalog; path = Assets.xcassets; sourceTree = "<group>"; };
		A78F8FB229A5623D006AA214 /* Base */ = {isa = PBXFileReference; lastKnownFileType = file.storyboard; name = Base; path = Base.lproj/LaunchScreen.storyboard; sourceTree = "<group>"; };
		A78F8FB429A5623D006AA214 /* Info.plist */ = {isa = PBXFileReference; lastKnownFileType = text.plist.xml; path = Info.plist; sourceTree = "<group>"; };
		A78F8FB929A5623D006AA214 /* TemperatureTests.xctest */ = {isa = PBXFileReference; explicitFileType = wrapper.cfbundle; includeInIndex = 0; path = TemperatureTests.xctest; sourceTree = BUILT_PRODUCTS_DIR; };
		A78F8FBD29A5623D006AA214 /* TemperatureTests.swift */ = {isa = PBXFileReference; lastKnownFileType = sourcecode.swift; path = TemperatureTests.swift; sourceTree = "<group>"; };
		A78F8FC329A5623D006AA214 /* TemperatureUITests.xctest */ = {isa = PBXFileReference; explicitFileType = wrapper.cfbundle; includeInIndex = 0; path = TemperatureUITests.xctest; sourceTree = BUILT_PRODUCTS_DIR; };
		A78F8FC729A5623D006AA214 /* TemperatureUITests.swift */ = {isa = PBXFileReference; lastKnownFileType = sourcecode.swift; path = TemperatureUITests.swift; sourceTree = "<group>"; };
		A78F8FC929A5623D006AA214 /* TemperatureUITestsLaunchTests.swift */ = {isa = PBXFileReference; lastKnownFileType = sourcecode.swift; path = TemperatureUITestsLaunchTests.swift; sourceTree = "<group>"; };
/* End PBXFileReference section */

/* Begin PBXFrameworksBuildPhase section */
		A78F8FA029A5623C006AA214 /* Frameworks */ = {
			isa = PBXFrameworksBuildPhase;
			buildActionMask = 2147483647;
			files = (
			);
			runOnlyForDeploymentPostprocessing = 0;
		};
		A78F8FB629A5623D006AA214 /* Frameworks */ = {
			isa = PBXFrameworksBuildPhase;
			buildActionMask = 2147483647;
			files = (
			);
			runOnlyForDeploymentPostprocessing = 0;
		};
		A78F8FC029A5623D006AA214 /* Frameworks */ = {
			isa = PBXFrameworksBuildPhase;
			buildActionMask = 2147483647;
			files = (
			);
			runOnlyForDeploymentPostprocessing = 0;
		};
/* End PBXFrameworksBuildPhase section */

/* Begin PBXGroup section */
		A78F8F9A29A5623B006AA214 = {
			isa = PBXGroup;
			children = (
				A78F8FA529A5623C006AA214 /* Temperature */,
				A78F8FBC29A5623D006AA214 /* TemperatureTests */,
				A78F8FC629A5623D006AA214 /* TemperatureUITests */,
				A78F8FA429A5623C006AA214 /* Products */,
			);
			sourceTree = "<group>";
		};
		A78F8FA429A5623C006AA214 /* Products */ = {
			isa = PBXGroup;
			children = (
				A78F8FA329A5623C006AA214 /* Temperature.app */,
				A78F8FB929A5623D006AA214 /* TemperatureTests.xctest */,
				A78F8FC329A5623D006AA214 /* TemperatureUITests.xctest */,
			);
			name = Products;
			sourceTree = "<group>";
		};
		A78F8FA529A5623C006AA214 /* Temperature */ = {
			isa = PBXGroup;
			children = (
				A78F8FA629A5623C006AA214 /* AppDelegate.swift */,
				A78F8FA829A5623C006AA214 /* SceneDelegate.swift */,
				A78F8FAA29A5623C006AA214 /* ViewController.swift */,
				A78F8FAC29A5623C006AA214 /* Main.storyboard */,
				A78F8FAF29A5623D006AA214 /* Assets.xcassets */,
				A78F8FB129A5623D006AA214 /* LaunchScreen.storyboard */,
				A78F8FB429A5623D006AA214 /* Info.plist */,
			);
			path = Temperature;
			sourceTree = "<group>";
		};
		A78F8FBC29A5623D006AA214 /* TemperatureTests */ = {
			isa = PBXGroup;
			children = (
				A78F8FBD29A5623D006AA214 /* TemperatureTests.swift */,
			);
			path = TemperatureTests;
			sourceTree = "<group>";
		};
		A78F8FC629A5623D006AA214 /* TemperatureUITests */ = {
			isa = PBXGroup;
			children = (
				A78F8FC729A5623D006AA214 /* TemperatureUITests.swift */,
				A78F8FC929A5623D006AA214 /* TemperatureUITestsLaunchTests.swift */,
			);
			path = TemperatureUITests;
			sourceTree = "<group>";
		};
/* End PBXGroup section */

/* Begin PBXNativeTarget section */
		A78F8FA229A5623C006AA214 /* Temperature */ = {
			isa = PBXNativeTarget;
			buildConfigurationList = A78F8FCD29A5623D006AA214 /* Build configuration list for PBXNativeTarget "Temperature" */;
			buildPhases = (
				A78F8F9F29A5623C006AA214 /* Sources */,
				A78F8FA029A5623C006AA214 /* Frameworks */,
				A78F8FA129A5623C006AA214 /* Resources */,
			);
			buildRules = (
			);
			dependencies = (
			);
			name = Temperature;
			productName = Temperature;
			productReference = A78F8FA329A5623C006AA214 /* Temperature.app */;
			productType = "com.apple.product-type.application";
		};
		A78F8FB829A5623D006AA214 /* TemperatureTests */ = {
			isa = PBXNativeTarget;
			buildConfigurationList = A78F8FD029A5623D006AA214 /* Build configuration list for PBXNativeTarget "TemperatureTests" */;
			buildPhases = (
				A78F8FB529A5623D006AA214 /* Sources */,
				A78F8FB629A5623D006AA214 /* Frameworks */,
				A78F8FB729A5623D006AA214 /* Resources */,
			);
			buildRules = (
			);
			dependencies = (
				A78F8FBB29A5623D006AA214 /* PBXTargetDependency */,
			);
			name = TemperatureTests;
			productName = TemperatureTests;
			productReference = A78F8FB929A5623D006AA214 /* TemperatureTests.xctest */;
			productType = "com.apple.product-type.bundle.unit-test";
		};
		A78F8FC229A5623D006AA214 /* TemperatureUITests */ = {
			isa = PBXNativeTarget;
			buildConfigurationList = A78F8FD329A5623D006AA214 /* Build configuration list for PBXNativeTarget "TemperatureUITests" */;
			buildPhases = (
				A78F8FBF29A5623D006AA214 /* Sources */,
				A78F8FC029A5623D006AA214 /* Frameworks */,
				A78F8FC129A5623D006AA214 /* Resources */,
			);
			buildRules = (
			);
			dependencies = (
				A78F8FC529A5623D006AA214 /* PBXTargetDependency */,
			);
			name = TemperatureUITests;
			productName = TemperatureUITests;
			productReference = A78F8FC329A5623D006AA214 /* TemperatureUITests.xctest */;
			productType = "com.apple.product-type.bundle.ui-testing";
		};
/* End PBXNativeTarget section */

/* Begin PBXProject section */
		A78F8F9B29A5623B006AA214 /* Project object */ = {
			isa = PBXProject;
			attributes = {
				BuildIndependentTargetsInParallel = 1;
				LastSwiftUpdateCheck = 1340;
				LastUpgradeCheck = 1340;
				TargetAttributes = {
					A78F8FA229A5623C006AA214 = {
						CreatedOnToolsVersion = 13.4.1;
					};
					A78F8FB829A5623D006AA214 = {
						CreatedOnToolsVersion = 13.4.1;
						TestTargetID = A78F8FA229A5623C006AA214;
					};
					A78F8FC229A5623D006AA214 = {
						CreatedOnToolsVersion = 13.4.1;
						TestTargetID = A78F8FA229A5623C006AA214;
					};
				};
			};
			buildConfigurationList = A78F8F9E29A5623B006AA214 /* Build configuration list for PBXProject "Temperature" */;
			compatibilityVersion = "Xcode 13.0";
			developmentRegion = en;
			hasScannedForEncodings = 0;
			knownRegions = (
				en,
				Base,
			);
			mainGroup = A78F8F9A29A5623B006AA214;
			productRefGroup = A78F8FA429A5623C006AA214 /* Products */;
			projectDirPath = "";
			projectRoot = "";
			targets = (
				A78F8FA229A5623C006AA214 /* Temperature */,
				A78F8FB829A5623D006AA214 /* TemperatureTests */,
				A78F8FC229A5623D006AA214 /* TemperatureUITests */,
			);
		};
/* End PBXProject section */

/* Begin PBXResourcesBuildPhase section */
		A78F8FA129A5623C006AA214 /* Resources */ = {
			isa = PBXResourcesBuildPhase;
			buildActionMask = 2147483647;
			files = (
				A78F8FB329A5623D006AA214 /* LaunchScreen.storyboard in Resources */,
				A78F8FB029A5623D006AA214 /* Assets.xcassets in Resources */,
				A78F8FAE29A5623C006AA214 /* Main.storyboard in Resources */,
			);
			runOnlyForDeploymentPostprocessing = 0;
		};
		A78F8FB729A5623D006AA214 /* Resources */ = {
			isa = PBXResourcesBuildPhase;
			buildActionMask = 2147483647;
			files = (
			);
			runOnlyForDeploymentPostprocessing = 0;
		};
		A78F8FC129A5623D006AA214 /* Resources */ = {
			isa = PBXResourcesBuildPhase;
			buildActionMask = 2147483647;
			files = (
			);
			runOnlyForDeploymentPostprocessing = 0;
		};
/* End PBXResourcesBuildPhase section */

/* Begin PBXSourcesBuildPhase section */
		A78F8F9F29A5623C006AA214 /* Sources */ = {
			isa = PBXSourcesBuildPhase;
			buildActionMask = 2147483647;
			files = (
				A78F8FAB29A5623C006AA214 /* ViewController.swift in Sources */,
				A78F8FA729A5623C006AA214 /* AppDelegate.swift in Sources */,
				A78F8FA929A5623C006AA214 /* SceneDelegate.swift in Sources */,
			);
			runOnlyForDeploymentPostprocessing = 0;
		};
		A78F8FB529A5623D006AA214 /* Sources */ = {
			isa = PBXSourcesBuildPhase;
			buildActionMask = 2147483647;
			files = (
				A78F8FBE29A5623D006AA214 /* TemperatureTests.swift in Sources */,
			);
			runOnlyForDeploymentPostprocessing = 0;
		};
		A78F8FBF29A5623D006AA214 /* Sources */ = {
			isa = PBXSourcesBuildPhase;
			buildActionMask = 2147483647;
			files = (
				A78F8FC829A5623D006AA214 /* TemperatureUITests.swift in Sources */,
				A78F8FCA29A5623D006AA214 /* TemperatureUITestsLaunchTests.swift in Sources */,
			);
			runOnlyForDeploymentPostprocessing = 0;
		};
/* End PBXSourcesBuildPhase section */

/* Begin PBXTargetDependency section */
		A78F8FBB29A5623D006AA214 /* PBXTargetDependency */ = {
			isa = PBXTargetDependency;
			target = A78F8FA229A5623C006AA214 /* Temperature */;
			targetProxy = A78F8FBA29A5623D006AA214 /* PBXContainerItemProxy */;
		};
		A78F8FC529A5623D006AA214 /* PBXTargetDependency */ = {
			isa = PBXTargetDependency;
			target = A78F8FA229A5623C006AA214 /* Temperature */;
			targetProxy = A78F8FC429A5623D006AA214 /* PBXContainerItemProxy */;
		};
/* End PBXTargetDependency section */

/* Begin PBXVariantGroup section */
		A78F8FAC29A5623C006AA214 /* Main.storyboard */ = {
			isa = PBXVariantGroup;
			children = (
				A78F8FAD29A5623C006AA214 /* Base */,
			);
			name = Main.storyboard;
			sourceTree = "<group>";
		};
		A78F8FB129A5623D006AA214 /* LaunchScreen.storyboard */ = {
			isa = PBXVariantGroup;
			children = (
				A78F8FB229A5623D006AA214 /* Base */,
			);
			name = LaunchScreen.storyboard;
			sourceTree = "<group>";
		};
/* End PBXVariantGroup section */

/* Begin XCBuildConfiguration section */
		A78F8FCB29A5623D006AA214 /* Debug */ = {
			isa = XCBuildConfiguration;
			buildSettings = {
				ALWAYS_SEARCH_USER_PATHS = NO;
				CLANG_ANALYZER_NONNULL = YES;
				CLANG_ANALYZER_NUMBER_OBJECT_CONVERSION = YES_AGGRESSIVE;
				CLANG_CXX_LANGUAGE_STANDARD = "gnu++17";
				CLANG_ENABLE_MODULES = YES;
				CLANG_ENABLE_OBJC_ARC = YES;
				CLANG_ENABLE_OBJC_WEAK = YES;
				CLANG_WARN_BLOCK_CAPTURE_AUTORELEASING = YES;
				CLANG_WARN_BOOL_CONVERSION = YES;
				CLANG_WARN_COMMA = YES;
				CLANG_WARN_CONSTANT_CONVERSION = YES;
				CLANG_WARN_DEPRECATED_OBJC_IMPLEMENTATIONS = YES;
				CLANG_WARN_DIRECT_OBJC_ISA_USAGE = YES_ERROR;
				CLANG_WARN_DOCUMENTATION_COMMENTS = YES;
				CLANG_WARN_EMPTY_BODY = YES;
				CLANG_WARN_ENUM_CONVERSION = YES;
				CLANG_WARN_INFINITE_RECURSION = YES;
				CLANG_WARN_INT_CONVERSION = YES;
				CLANG_WARN_NON_LITERAL_NULL_CONVERSION = YES;
				CLANG_WARN_OBJC_IMPLICIT_RETAIN_SELF = YES;
				CLANG_WARN_OBJC_LITERAL_CONVERSION = YES;
				CLANG_WARN_OBJC_ROOT_CLASS = YES_ERROR;
				CLANG_WARN_QUOTED_INCLUDE_IN_FRAMEWORK_HEADER = YES;
				CLANG_WARN_RANGE_LOOP_ANALYSIS = YES;
				CLANG_WARN_STRICT_PROTOTYPES = YES;
				CLANG_WARN_SUSPICIOUS_MOVE = YES;
				CLANG_WARN_UNGUARDED_AVAILABILITY = YES_AGGRESSIVE;
				CLANG_WARN_UNREACHABLE_CODE = YES;
				CLANG_WARN__DUPLICATE_METHOD_MATCH = YES;
				COPY_PHASE_STRIP = NO;
				DEBUG_INFORMATION_FORMAT = dwarf;
				ENABLE_STRICT_OBJC_MSGSEND = YES;
				ENABLE_TESTABILITY = YES;
				GCC_C_LANGUAGE_STANDARD = gnu11;
				GCC_DYNAMIC_NO_PIC = NO;
				GCC_NO_COMMON_BLOCKS = YES;
				GCC_OPTIMIZATION_LEVEL = 0;
				GCC_PREPROCESSOR_DEFINITIONS = (
					"DEBUG=1",
					"$(inherited)",
				);
				GCC_WARN_64_TO_32_BIT_CONVERSION = YES;
				GCC_WARN_ABOUT_RETURN_TYPE = YES_ERROR;
				GCC_WARN_UNDECLARED_SELECTOR = YES;
				GCC_WARN_UNINITIALIZED_AUTOS = YES_AGGRESSIVE;
				GCC_WARN_UNUSED_FUNCTION = YES;
				GCC_WARN_UNUSED_VARIABLE = YES;
				IPHONEOS_DEPLOYMENT_TARGET = 15.5;
				MTL_ENABLE_DEBUG_INFO = INCLUDE_SOURCE;
				MTL_FAST_MATH = YES;
				ONLY_ACTIVE_ARCH = YES;
				SDKROOT = iphoneos;
				SWIFT_ACTIVE_COMPILATION_CONDITIONS = DEBUG;
				SWIFT_OPTIMIZATION_LEVEL = "-Onone";
			};
			name = Debug;
		};
		A78F8FCC29A5623D006AA214 /* Release */ = {
			isa = XCBuildConfiguration;
			buildSettings = {
				ALWAYS_SEARCH_USER_PATHS = NO;
				CLANG_ANALYZER_NONNULL = YES;
				CLANG_ANALYZER_NUMBER_OBJECT_CONVERSION = YES_AGGRESSIVE;
				CLANG_CXX_LANGUAGE_STANDARD = "gnu++17";
				CLANG_ENABLE_MODULES = YES;
				CLANG_ENABLE_OBJC_ARC = YES;
				CLANG_ENABLE_OBJC_WEAK = YES;
				CLANG_WARN_BLOCK_CAPTURE_AUTORELEASING = YES;
				CLANG_WARN_BOOL_CONVERSION = YES;
				CLANG_WARN_COMMA = YES;
				CLANG_WARN_CONSTANT_CONVERSION = YES;
				CLANG_WARN_DEPRECATED_OBJC_IMPLEMENTATIONS = YES;
				CLANG_WARN_DIRECT_OBJC_ISA_USAGE = YES_ERROR;
				CLANG_WARN_DOCUMENTATION_COMMENTS = YES;
				CLANG_WARN_EMPTY_BODY = YES;
				CLANG_WARN_ENUM_CONVERSION = YES;
				CLANG_WARN_INFINITE_RECURSION = YES;
				CLANG_WARN_INT_CONVERSION = YES;
				CLANG_WARN_NON_LITERAL_NULL_CONVERSION = YES;
				CLANG_WARN_OBJC_IMPLICIT_RETAIN_SELF = YES;
				CLANG_WARN_OBJC_LITERAL_CONVERSION = YES;
				CLANG_WARN_OBJC_ROOT_CLASS = YES_ERROR;
				CLANG_WARN_QUOTED_INCLUDE_IN_FRAMEWORK_HEADER = YES;
				CLANG_WARN_RANGE_LOOP_ANALYSIS = YES;
				CLANG_WARN_STRICT_PROTOTYPES = YES;
				CLANG_WARN_SUSPICIOUS_MOVE = YES;
				CLANG_WARN_UNGUARDED_AVAILABILITY = YES_AGGRESSIVE;
				CLANG_WARN_UNREACHABLE_CODE = YES;
				CLANG_WARN__DUPLICATE_METHOD_MATCH = YES;
				COPY_PHASE_STRIP = NO;
				DEBUG_INFORMATION_FORMAT = "dwarf-with-dsym";
				ENABLE_NS_ASSERTIONS = NO;
				ENABLE_STRICT_OBJC_MSGSEND = YES;
				GCC_C_LANGUAGE_STANDARD = gnu11;
				GCC_NO_COMMON_BLOCKS = YES;
				GCC_WARN_64_TO_32_BIT_CONVERSION = YES;
				GCC_WARN_ABOUT_RETURN_TYPE = YES_ERROR;
				GCC_WARN_UNDECLARED_SELECTOR = YES;
				GCC_WARN_UNINITIALIZED_AUTOS = YES_AGGRESSIVE;
				GCC_WARN_UNUSED_FUNCTION = YES;
				GCC_WARN_UNUSED_VARIABLE = YES;
				IPHONEOS_DEPLOYMENT_TARGET = 15.5;
				MTL_ENABLE_DEBUG_INFO = NO;
				MTL_FAST_MATH = YES;
				SDKROOT = iphoneos;
				SWIFT_COMPILATION_MODE = wholemodule;
				SWIFT_OPTIMIZATION_LEVEL = "-O";
				VALIDATE_PRODUCT = YES;
			};
			name = Release;
		};
		A78F8FCE29A5623D006AA214 /* Debug */ = {
			isa = XCBuildConfiguration;
			buildSettings = {
				ASSETCATALOG_COMPILER_APPICON_NAME = AppIcon;
				ASSETCATALOG_COMPILER_GLOBAL_ACCENT_COLOR_NAME = AccentColor;
				CODE_SIGN_STYLE = Automatic;
				CURRENT_PROJECT_VERSION = 1;
				GENERATE_INFOPLIST_FILE = YES;
				INFOPLIST_FILE = Temperature/Info.plist;
				INFOPLIST_KEY_UIApplicationSupportsIndirectInputEvents = YES;
				INFOPLIST_KEY_UILaunchStoryboardName = LaunchScreen;
				INFOPLIST_KEY_UIMainStoryboardFile = Main;
				INFOPLIST_KEY_UISupportedInterfaceOrientations_iPad = "UIInterfaceOrientationPortrait UIInterfaceOrientationPortraitUpsideDown UIInterfaceOrientationLandscapeLeft UIInterfaceOrientationLandscapeRight";
				INFOPLIST_KEY_UISupportedInterfaceOrientations_iPhone = "UIInterfaceOrientationPortrait UIInterfaceOrientationLandscapeLeft UIInterfaceOrientationLandscapeRight";
				LD_RUNPATH_SEARCH_PATHS = (
					"$(inherited)",
					"@executable_path/Frameworks",
				);
				MARKETING_VERSION = 1.0;
				PRODUCT_BUNDLE_IDENTIFIER = com.IosHelloApp.Temperature;
				PRODUCT_NAME = "$(TARGET_NAME)";
				SWIFT_EMIT_LOC_STRINGS = YES;
				SWIFT_VERSION = 5.0;
				TARGETED_DEVICE_FAMILY = "1,2";
			};
			name = Debug;
		};
		A78F8FCF29A5623D006AA214 /* Release */ = {
			isa = XCBuildConfiguration;
			buildSettings = {
				ASSETCATALOG_COMPILER_APPICON_NAME = AppIcon;
				ASSETCATALOG_COMPILER_GLOBAL_ACCENT_COLOR_NAME = AccentColor;
				CODE_SIGN_STYLE = Automatic;
				CURRENT_PROJECT_VERSION = 1;
				GENERATE_INFOPLIST_FILE = YES;
				INFOPLIST_FILE = Temperature/Info.plist;
				INFOPLIST_KEY_UIApplicationSupportsIndirectInputEvents = YES;
				INFOPLIST_KEY_UILaunchStoryboardName = LaunchScreen;
				INFOPLIST_KEY_UIMainStoryboardFile = Main;
				INFOPLIST_KEY_UISupportedInterfaceOrientations_iPad = "UIInterfaceOrientationPortrait UIInterfaceOrientationPortraitUpsideDown UIInterfaceOrientationLandscapeLeft UIInterfaceOrientationLandscapeRight";
				INFOPLIST_KEY_UISupportedInterfaceOrientations_iPhone = "UIInterfaceOrientationPortrait UIInterfaceOrientationLandscapeLeft UIInterfaceOrientationLandscapeRight";
				LD_RUNPATH_SEARCH_PATHS = (
					"$(inherited)",
					"@executable_path/Frameworks",
				);
				MARKETING_VERSION = 1.0;
				PRODUCT_BUNDLE_IDENTIFIER = com.IosHelloApp.Temperature;
				PRODUCT_NAME = "$(TARGET_NAME)";
				SWIFT_EMIT_LOC_STRINGS = YES;
				SWIFT_VERSION = 5.0;
				TARGETED_DEVICE_FAMILY = "1,2";
			};
			name = Release;
		};
		A78F8FD129A5623D006AA214 /* Debug */ = {
			isa = XCBuildConfiguration;
			buildSettings = {
				ALWAYS_EMBED_SWIFT_STANDARD_LIBRARIES = YES;
				BUNDLE_LOADER = "$(TEST_HOST)";
				CODE_SIGN_STYLE = Automatic;
				CURRENT_PROJECT_VERSION = 1;
				GENERATE_INFOPLIST_FILE = YES;
				IPHONEOS_DEPLOYMENT_TARGET = 15.5;
				MARKETING_VERSION = 1.0;
				PRODUCT_BUNDLE_IDENTIFIER = com.IosHelloApp.TemperatureTests;
				PRODUCT_NAME = "$(TARGET_NAME)";
				SWIFT_EMIT_LOC_STRINGS = NO;
				SWIFT_VERSION = 5.0;
				TARGETED_DEVICE_FAMILY = "1,2";
				TEST_HOST = "$(BUILT_PRODUCTS_DIR)/Temperature.app/Temperature";
			};
			name = Debug;
		};
		A78F8FD229A5623D006AA214 /* Release */ = {
			isa = XCBuildConfiguration;
			buildSettings = {
				ALWAYS_EMBED_SWIFT_STANDARD_LIBRARIES = YES;
				BUNDLE_LOADER = "$(TEST_HOST)";
				CODE_SIGN_STYLE = Automatic;
				CURRENT_PROJECT_VERSION = 1;
				GENERATE_INFOPLIST_FILE = YES;
				IPHONEOS_DEPLOYMENT_TARGET = 15.5;
				MARKETING_VERSION = 1.0;
				PRODUCT_BUNDLE_IDENTIFIER = com.IosHelloApp.TemperatureTests;
				PRODUCT_NAME = "$(TARGET_NAME)";
				SWIFT_EMIT_LOC_STRINGS = NO;
				SWIFT_VERSION = 5.0;
				TARGETED_DEVICE_FAMILY = "1,2";
				TEST_HOST = "$(BUILT_PRODUCTS_DIR)/Temperature.app/Temperature";
			};
			name = Release;
		};
		A78F8FD429A5623D006AA214 /* Debug */ = {
			isa = XCBuildConfiguration;
			buildSettings = {
				ALWAYS_EMBED_SWIFT_STANDARD_LIBRARIES = YES;
				CODE_SIGN_STYLE = Automatic;
				CURRENT_PROJECT_VERSION = 1;
				GENERATE_INFOPLIST_FILE = YES;
				MARKETING_VERSION = 1.0;
				PRODUCT_BUNDLE_IDENTIFIER = com.IosHelloApp.TemperatureUITests;
				PRODUCT_NAME = "$(TARGET_NAME)";
				SWIFT_EMIT_LOC_STRINGS = NO;
				SWIFT_VERSION = 5.0;
				TARGETED_DEVICE_FAMILY = "1,2";
				TEST_TARGET_NAME = Temperature;
			};
			name = Debug;
		};
		A78F8FD529A5623D006AA214 /* Release */ = {
			isa = XCBuildConfiguration;
			buildSettings = {
				ALWAYS_EMBED_SWIFT_STANDARD_LIBRARIES = YES;
				CODE_SIGN_STYLE = Automatic;
				CURRENT_PROJECT_VERSION = 1;
				GENERATE_INFOPLIST_FILE = YES;
				MARKETING_VERSION = 1.0;
				PRODUCT_BUNDLE_IDENTIFIER = com.IosHelloApp.TemperatureUITests;
				PRODUCT_NAME = "$(TARGET_NAME)";
				SWIFT_EMIT_LOC_STRINGS = NO;
				SWIFT_VERSION = 5.0;
				TARGETED_DEVICE_FAMILY = "1,2";
				TEST_TARGET_NAME = Temperature;
			};
			name = Release;
		};
/* End XCBuildConfiguration section */

/* Begin XCConfigurationList section */
		A78F8F9E29A5623B006AA214 /* Build configuration list for PBXProject "Temperature" */ = {
			isa = XCConfigurationList;
			buildConfigurations = (
				A78F8FCB29A5623D006AA214 /* Debug */,
				A78F8FCC29A5623D006AA214 /* Release */,
			);
			defaultConfigurationIsVisible = 0;
			defaultConfigurationName = Release;
		};
		A78F8FCD29A5623D006AA214 /* Build configuration list for PBXNativeTarget "Temperature" */ = {
			isa = XCConfigurationList;
			buildConfigurations = (
				A78F8FCE29A5623D006AA214 /* Debug */,
				A78F8FCF29A5623D006AA214 /* Release */,
			);
			defaultConfigurationIsVisible = 0;
			defaultConfigurationName = Release;
		};
		A78F8FD029A5623D006AA214 /* Build configuration list for PBXNativeTarget "TemperatureTests" */ = {
			isa = XCConfigurationList;
			buildConfigurations = (
				A78F8FD129A5623D006AA214 /* Debug */,
				A78F8FD229A5623D006AA214 /* Release */,
			);
			defaultConfigurationIsVisible = 0;
			defaultConfigurationName = Release;
		};
		A78F8FD329A5623D006AA214 /* Build configuration list for PBXNativeTarget "TemperatureUITests" */ = {
			isa = XCConfigurationList;
			buildConfigurations = (
				A78F8FD429A5623D006AA214 /* Debug */,
				A78F8FD529A5623D006AA214 /* Release */,
			);
			defaultConfigurationIsVisible = 0;
			defaultConfigurationName = Release;
		};
/* End XCConfigurationList section */
	};
	rootObject = A78F8F9B29A5623B006AA214 /* Project object */;
}
